
Microsoft Visual Studio Solution File, Format Version 12.00
# Visual Studio Version 17
VisualStudioVersion = 17.11.35327.3
MinimumVisualStudioVersion = 10.0.40219.1
Project("{FAE04EC0-301F-11D3-BF4B-00C04F79EFBC}") = "Data Access Interface", "Data Access Interface.csproj", "{28822AEA-D6B6-40E0-81E7-21AF8F2B1F20}"
EndProject
Global
	GlobalSection(SolutionConfigurationPlatforms) = preSolution
		Debug|Any CPU = Debug|Any CPU
		Release|Any CPU = Release|Any CPU
	EndGlobalSection
	GlobalSection(ProjectConfigurationPlatforms) = postSolution
		{28822AEA-D6B6-40E0-81E7-21AF8F2B1F20}.Debug|Any CPU.ActiveCfg = Debug|Any CPU
		{28822AEA-D6B6-40E0-81E7-21AF8F2B1F20}.Debug|Any CPU.Build.0 = Debug|Any CPU
		{28822AEA-D6B6-40E0-81E7-21AF8F2B1F20}.Release|Any CPU.ActiveCfg = Release|Any CPU
		{28822AEA-D6B6-40E0-81E7-21AF8F2B1F20}.Release|Any CPU.Build.0 = Release|Any CPU
	EndGlobalSection
	GlobalSection(SolutionProperties) = preSolution
		HideSolutionNode = FALSE
	EndGlobalSection
	GlobalSection(ExtensibilityGlobals) = postSolution
		SolutionGuid = {3C2D3C07-EDA8-4F4F-927F-417BB9CED163}
	EndGlobalSection
EndGlobal
